
Microsoft Visual Studio Solution File, Format Version 12.00
# Visual Studio Version 17
VisualStudioVersion = 17.3.32901.215
MinimumVisualStudioVersion = 10.0.40219.1
Project("{FAE04EC0-301F-11D3-BF4B-00C04F79EFBC}") = "Api", "Api\Api.csproj", "{4298B5A1-5239-43D1-AEFB-548C1DC1F16B}"
EndProject
Project("{FAE04EC0-301F-11D3-BF4B-00C04F79EFBC}") = "DAL", "DAL\DAL.csproj", "{EB5F8ACF-E522-4459-991A-B3D6C9E79802}"
EndProject
Project("{FAE04EC0-301F-11D3-BF4B-00C04F79EFBC}") = "Common", "Common\Common.csproj", "{93169B5E-C5EB-4B30-AC39-05676EF2B0E4}"
EndProject
Global
	GlobalSection(SolutionConfigurationPlatforms) = preSolution
		Debug|Any CPU = Debug|Any CPU
		Release|Any CPU = Release|Any CPU
	EndGlobalSection
	GlobalSection(ProjectConfigurationPlatforms) = postSolution
		{4298B5A1-5239-43D1-AEFB-548C1DC1F16B}.Debug|Any CPU.ActiveCfg = Debug|Any CPU
		{4298B5A1-5239-43D1-AEFB-548C1DC1F16B}.Debug|Any CPU.Build.0 = Debug|Any CPU
		{4298B5A1-5239-43D1-AEFB-548C1DC1F16B}.Release|Any CPU.ActiveCfg = Release|Any CPU
		{4298B5A1-5239-43D1-AEFB-548C1DC1F16B}.Release|Any CPU.Build.0 = Release|Any CPU
		{EB5F8ACF-E522-4459-991A-B3D6C9E79802}.Debug|Any CPU.ActiveCfg = Debug|Any CPU
		{EB5F8ACF-E522-4459-991A-B3D6C9E79802}.Debug|Any CPU.Build.0 = Debug|Any CPU
		{EB5F8ACF-E522-4459-991A-B3D6C9E79802}.Release|Any CPU.ActiveCfg = Release|Any CPU
		{EB5F8ACF-E522-4459-991A-B3D6C9E79802}.Release|Any CPU.Build.0 = Release|Any CPU
		{93169B5E-C5EB-4B30-AC39-05676EF2B0E4}.Debug|Any CPU.ActiveCfg = Debug|Any CPU
		{93169B5E-C5EB-4B30-AC39-05676EF2B0E4}.Debug|Any CPU.Build.0 = Debug|Any CPU
		{93169B5E-C5EB-4B30-AC39-05676EF2B0E4}.Release|Any CPU.ActiveCfg = Release|Any CPU
		{93169B5E-C5EB-4B30-AC39-05676EF2B0E4}.Release|Any CPU.Build.0 = Release|Any CPU
	EndGlobalSection
	GlobalSection(SolutionProperties) = preSolution
		HideSolutionNode = FALSE
	EndGlobalSection
	GlobalSection(ExtensibilityGlobals) = postSolution
		SolutionGuid = {5EC88050-891C-4092-9947-BB9637947C95}
	EndGlobalSection
EndGlobal
